schema: '2.0'
stages:
  data_collection:
    cmd: python water_potability/data/data_collection.py
    deps:
    - path: water_potability/data/data_collection.py
      hash: md5
      md5: 2e0e6f1b0f1363211a639f98c4e27406
      size: 1130
    outs:
    - path: data/raw
      hash: md5
      md5: c0c2d65c14a603e91e029fda3c344a5c.dir
      size: 522262
      nfiles: 2
  data_processed:
    cmd: python water_potability/data/data_preprocessing.py
    deps:
    - path: data/raw
      hash: md5
      md5: c0c2d65c14a603e91e029fda3c344a5c.dir
      size: 522262
      nfiles: 2
    - path: water_potability/data/data_preprocessing.py
      hash: md5
      md5: 8536de73b98f79f2853b0d55c400932f
      size: 1429
    outs:
    - path: data/processed
      hash: md5
      md5: 51dafd4dfdce5f606570476fd9bd9e81.dir
      size: 378893
      nfiles: 2
  model_training:
    cmd: python water_potability/modeling/train.py
    deps:
    - path: data/processed
      hash: md5
      md5: 51dafd4dfdce5f606570476fd9bd9e81.dir
      size: 378893
      nfiles: 2
    - path: water_potability/modeling/train.py
      hash: md5
      md5: e909b1046a630e7704fb5d5d8a6618d0
      size: 1211
    outs:
    - path: model.pkl
      hash: md5
      md5: 84a8c5ff47dbb211af187b29d46b77c6
      size: 140686
  model_evaluation:
    cmd: python water_potability/modeling/evaluation.py
    deps:
    - path: model.pkl
      hash: md5
      md5: 84a8c5ff47dbb211af187b29d46b77c6
      size: 140686
    - path: water_potability/modeling/evaluation.py
      hash: md5
      md5: 68fbbc52a64caf29d557f6c7a147d865
      size: 1785
    outs:
    - path: metrics.json
      hash: md5
      md5: de8c0b00547f1d9d863b4da26889e275
      size: 164
