schema: '2.0'
stages:
  data_collection:
    cmd: python water_potability/data/data_collection.py
    deps:
    - path: water_potability/data/data_collection.py
      hash: md5
      md5: 2e0e6f1b0f1363211a639f98c4e27406
      size: 1130
    outs:
    - path: data/raw
      hash: md5
      md5: c0c2d65c14a603e91e029fda3c344a5c.dir
      size: 522262
      nfiles: 2
  data_processed:
    cmd: python water_potability/data/data_preprocessing.py
    deps:
    - path: data/raw
      hash: md5
      md5: c0c2d65c14a603e91e029fda3c344a5c.dir
      size: 522262
      nfiles: 2
    - path: water_potability/data/data_preprocessing.py
      hash: md5
      md5: 3c9dcc6ee95ba3c807f857f37bc564be
      size: 1458
    outs:
    - path: data/processed
      hash: md5
      md5: 0beb4adc62d83817b414bed6f535f487.dir
      size: 546895
      nfiles: 2
  model_training:
    cmd: python water_potability/modeling/train.py
    deps:
    - path: data/processed
      hash: md5
      md5: 0beb4adc62d83817b414bed6f535f487.dir
      size: 546895
      nfiles: 2
    - path: water_potability/modeling/train.py
      hash: md5
      md5: 0f709e9188586cf89db998e9f58ba3a1
      size: 1899
    outs:
    - path: model.pkl
      hash: md5
      md5: 18b7def0d2df52fac76ace657723f8e8
      size: 2414765
  model_evaluation:
    cmd: python water_potability/modeling/evaluation.py
    deps:
    - path: model.pkl
      hash: md5
      md5: 18b7def0d2df52fac76ace657723f8e8
      size: 2414765
    - path: water_potability/modeling/evaluation.py
      hash: md5
      md5: 68fbbc52a64caf29d557f6c7a147d865
      size: 1785
    outs:
    - path: metrics.json
      hash: md5
      md5: 444d3afe801a183135273794e5bbc540
      size: 163
